
Microsoft Visual Studio Solution File, Format Version 12.00
# Visual Studio Version 17
VisualStudioVersion = 17.6.33829.357
MinimumVisualStudioVersion = 10.0.40219.1
Project("{FAE04EC0-301F-11D3-BF4B-00C04F79EFBC}") = "FootGif", "FootGif\FootGif.csproj", "{92140EA8-8D6E-46B0-81AE-52B88706CC77}"
EndProject
Global
	GlobalSection(SolutionConfigurationPlatforms) = preSolution
		Debug|Any CPU = Debug|Any CPU
		Release|Any CPU = Release|Any CPU
	EndGlobalSection
	GlobalSection(ProjectConfigurationPlatforms) = postSolution
		{92140EA8-8D6E-46B0-81AE-52B88706CC77}.Debug|Any CPU.ActiveCfg = Debug|Any CPU
		{92140EA8-8D6E-46B0-81AE-52B88706CC77}.Debug|Any CPU.Build.0 = Debug|Any CPU
		{92140EA8-8D6E-46B0-81AE-52B88706CC77}.Release|Any CPU.ActiveCfg = Release|Any CPU
		{92140EA8-8D6E-46B0-81AE-52B88706CC77}.Release|Any CPU.Build.0 = Release|Any CPU
	EndGlobalSection
	GlobalSection(SolutionProperties) = preSolution
		HideSolutionNode = FALSE
	EndGlobalSection
	GlobalSection(ExtensibilityGlobals) = postSolution
		SolutionGuid = {A070FB60-35D1-4BBF-9430-32DEE932BE34}
	EndGlobalSection
EndGlobal
